
Microsoft Visual Studio Solution File, Format Version 12.00
# Visual Studio Version 16
VisualStudioVersion = 16.0.28803.202
MinimumVisualStudioVersion = 10.0.40219.1
Project("{FAE04EC0-301F-11D3-BF4B-00C04F79EFBC}") = "Demo", "Demo\Demo.csproj", "{9A9F8361-C036-4360-B480-C67D2E1CFA02}"
EndProject
Project("{FAE04EC0-301F-11D3-BF4B-00C04F79EFBC}") = "ImageLib.Controls", "ImageLib.Controls\ImageLib.Controls.csproj", "{F1A4BB2F-DCD6-46D7-BD10-0D29AC41A810}"
EndProject
Project("{FAE04EC0-301F-11D3-BF4B-00C04F79EFBC}") = "ImageLib.Gif", "ImageLib.Gif\ImageLib.Gif.csproj", "{248A9A1C-18A7-4101-9EBF-CFE1FC23A1B0}"
EndProject
Project("{8BC9CEB8-8B4A-11D0-8D11-00A0C91BC942}") = "ImageLib.WebP", "ImageLib.Webp\ImageLib.Webp.vcxproj", "{9E7B142F-39EB-40DD-8FB7-28CB1A396661}"
EndProject
Project("{8BC9CEB8-8B4A-11D0-8D11-00A0C91BC942}") = "libwebp", "libwebp\libwebp.vcxproj", "{E4181500-DA02-492D-9018-CB83CF355786}"
EndProject
Project("{FAE04EC0-301F-11D3-BF4B-00C04F79EFBC}") = "ImageLib.Core", "ImageLib.Core\ImageLib.Core.csproj", "{D49B7ED9-BC82-4F4E-8A51-02FEABDC426B}"
EndProject
Project("{FAE04EC0-301F-11D3-BF4B-00C04F79EFBC}") = "ImageLib.Support", "ImageLib.Support\ImageLib.Support.csproj", "{7D371F35-508B-448D-9519-44BE756284C0}"
EndProject
Project("{FAE04EC0-301F-11D3-BF4B-00C04F79EFBC}") = "Test", "Test\Test.csproj", "{669DFDEA-C551-4FC9-BB8C-E8CE2DAA04A5}"
EndProject
Global
	GlobalSection(SolutionConfigurationPlatforms) = preSolution
		Debug|Any CPU = Debug|Any CPU
		Debug|ARM = Debug|ARM
		Debug|ARM64 = Debug|ARM64
		Debug|x64 = Debug|x64
		Debug|x86 = Debug|x86
		Release|Any CPU = Release|Any CPU
		Release|ARM = Release|ARM
		Release|ARM64 = Release|ARM64
		Release|x64 = Release|x64
		Release|x86 = Release|x86
	EndGlobalSection
	GlobalSection(ProjectConfigurationPlatforms) = postSolution
		{9A9F8361-C036-4360-B480-C67D2E1CFA02}.Debug|Any CPU.ActiveCfg = Debug|x86
		{9A9F8361-C036-4360-B480-C67D2E1CFA02}.Debug|ARM.ActiveCfg = Debug|ARM
		{9A9F8361-C036-4360-B480-C67D2E1CFA02}.Debug|ARM.Build.0 = Debug|ARM
		{9A9F8361-C036-4360-B480-C67D2E1CFA02}.Debug|ARM.Deploy.0 = Debug|ARM
		{9A9F8361-C036-4360-B480-C67D2E1CFA02}.Debug|ARM64.ActiveCfg = Debug|x86
		{9A9F8361-C036-4360-B480-C67D2E1CFA02}.Debug|x64.ActiveCfg = Debug|x64
		{9A9F8361-C036-4360-B480-C67D2E1CFA02}.Debug|x64.Build.0 = Debug|x64
		{9A9F8361-C036-4360-B480-C67D2E1CFA02}.Debug|x64.Deploy.0 = Debug|x64
		{9A9F8361-C036-4360-B480-C67D2E1CFA02}.Debug|x86.ActiveCfg = Debug|x86
		{9A9F8361-C036-4360-B480-C67D2E1CFA02}.Debug|x86.Build.0 = Debug|x86
		{9A9F8361-C036-4360-B480-C67D2E1CFA02}.Debug|x86.Deploy.0 = Debug|x86
		{9A9F8361-C036-4360-B480-C67D2E1CFA02}.Release|Any CPU.ActiveCfg = Release|x86
		{9A9F8361-C036-4360-B480-C67D2E1CFA02}.Release|ARM.ActiveCfg = Release|ARM
		{9A9F8361-C036-4360-B480-C67D2E1CFA02}.Release|ARM.Build.0 = Release|ARM
		{9A9F8361-C036-4360-B480-C67D2E1CFA02}.Release|ARM.Deploy.0 = Release|ARM
		{9A9F8361-C036-4360-B480-C67D2E1CFA02}.Release|ARM64.ActiveCfg = Release|x86
		{9A9F8361-C036-4360-B480-C67D2E1CFA02}.Release|x64.ActiveCfg = Release|x64
		{9A9F8361-C036-4360-B480-C67D2E1CFA02}.Release|x64.Build.0 = Release|x64
		{9A9F8361-C036-4360-B480-C67D2E1CFA02}.Release|x64.Deploy.0 = Release|x64
		{9A9F8361-C036-4360-B480-C67D2E1CFA02}.Release|x86.ActiveCfg = Release|x86
		{9A9F8361-C036-4360-B480-C67D2E1CFA02}.Release|x86.Build.0 = Release|x86
		{9A9F8361-C036-4360-B480-C67D2E1CFA02}.Release|x86.Deploy.0 = Release|x86
		{F1A4BB2F-DCD6-46D7-BD10-0D29AC41A810}.Debug|Any CPU.ActiveCfg = Debug|Any CPU
		{F1A4BB2F-DCD6-46D7-BD10-0D29AC41A810}.Debug|Any CPU.Build.0 = Debug|Any CPU
		{F1A4BB2F-DCD6-46D7-BD10-0D29AC41A810}.Debug|ARM.ActiveCfg = Debug|ARM
		{F1A4BB2F-DCD6-46D7-BD10-0D29AC41A810}.Debug|ARM.Build.0 = Debug|ARM
		{F1A4BB2F-DCD6-46D7-BD10-0D29AC41A810}.Debug|ARM64.ActiveCfg = Debug|Any CPU
		{F1A4BB2F-DCD6-46D7-BD10-0D29AC41A810}.Debug|ARM64.Build.0 = Debug|Any CPU
		{F1A4BB2F-DCD6-46D7-BD10-0D29AC41A810}.Debug|x64.ActiveCfg = Debug|x64
		{F1A4BB2F-DCD6-46D7-BD10-0D29AC41A810}.Debug|x64.Build.0 = Debug|x64
		{F1A4BB2F-DCD6-46D7-BD10-0D29AC41A810}.Debug|x86.ActiveCfg = Debug|x86
		{F1A4BB2F-DCD6-46D7-BD10-0D29AC41A810}.Debug|x86.Build.0 = Debug|x86
		{F1A4BB2F-DCD6-46D7-BD10-0D29AC41A810}.Release|Any CPU.ActiveCfg = Release|Any CPU
		{F1A4BB2F-DCD6-46D7-BD10-0D29AC41A810}.Release|Any CPU.Build.0 = Release|Any CPU
		{F1A4BB2F-DCD6-46D7-BD10-0D29AC41A810}.Release|ARM.ActiveCfg = Release|ARM
		{F1A4BB2F-DCD6-46D7-BD10-0D29AC41A810}.Release|ARM.Build.0 = Release|ARM
		{F1A4BB2F-DCD6-46D7-BD10-0D29AC41A810}.Release|ARM64.ActiveCfg = Release|Any CPU
		{F1A4BB2F-DCD6-46D7-BD10-0D29AC41A810}.Release|ARM64.Build.0 = Release|Any CPU
		{F1A4BB2F-DCD6-46D7-BD10-0D29AC41A810}.Release|x64.ActiveCfg = Release|x64
		{F1A4BB2F-DCD6-46D7-BD10-0D29AC41A810}.Release|x64.Build.0 = Release|x64
		{F1A4BB2F-DCD6-46D7-BD10-0D29AC41A810}.Release|x86.ActiveCfg = Release|x86
		{F1A4BB2F-DCD6-46D7-BD10-0D29AC41A810}.Release|x86.Build.0 = Release|x86
		{248A9A1C-18A7-4101-9EBF-CFE1FC23A1B0}.Debug|Any CPU.ActiveCfg = Debug|Any CPU
		{248A9A1C-18A7-4101-9EBF-CFE1FC23A1B0}.Debug|Any CPU.Build.0 = Debug|Any CPU
		{248A9A1C-18A7-4101-9EBF-CFE1FC23A1B0}.Debug|ARM.ActiveCfg = Debug|ARM
		{248A9A1C-18A7-4101-9EBF-CFE1FC23A1B0}.Debug|ARM.Build.0 = Debug|ARM
		{248A9A1C-18A7-4101-9EBF-CFE1FC23A1B0}.Debug|ARM64.ActiveCfg = Debug|Any CPU
		{248A9A1C-18A7-4101-9EBF-CFE1FC23A1B0}.Debug|ARM64.Build.0 = Debug|Any CPU
		{248A9A1C-18A7-4101-9EBF-CFE1FC23A1B0}.Debug|x64.ActiveCfg = Debug|x64
		{248A9A1C-18A7-4101-9EBF-CFE1FC23A1B0}.Debug|x64.Build.0 = Debug|x64
		{248A9A1C-18A7-4101-9EBF-CFE1FC23A1B0}.Debug|x86.ActiveCfg = Debug|x86
		{248A9A1C-18A7-4101-9EBF-CFE1FC23A1B0}.Debug|x86.Build.0 = Debug|x86
		{248A9A1C-18A7-4101-9EBF-CFE1FC23A1B0}.Release|Any CPU.ActiveCfg = Release|Any CPU
		{248A9A1C-18A7-4101-9EBF-CFE1FC23A1B0}.Release|Any CPU.Build.0 = Release|Any CPU
		{248A9A1C-18A7-4101-9EBF-CFE1FC23A1B0}.Release|ARM.ActiveCfg = Release|ARM
		{248A9A1C-18A7-4101-9EBF-CFE1FC23A1B0}.Release|ARM.Build.0 = Release|ARM
		{248A9A1C-18A7-4101-9EBF-CFE1FC23A1B0}.Release|ARM64.ActiveCfg = Release|Any CPU
		{248A9A1C-18A7-4101-9EBF-CFE1FC23A1B0}.Release|ARM64.Build.0 = Release|Any CPU
		{248A9A1C-18A7-4101-9EBF-CFE1FC23A1B0}.Release|x64.ActiveCfg = Release|x64
		{248A9A1C-18A7-4101-9EBF-CFE1FC23A1B0}.Release|x64.Build.0 = Release|x64
		{248A9A1C-18A7-4101-9EBF-CFE1FC23A1B0}.Release|x86.ActiveCfg = Release|x86
		{248A9A1C-18A7-4101-9EBF-CFE1FC23A1B0}.Release|x86.Build.0 = Release|x86
		{9E7B142F-39EB-40DD-8FB7-28CB1A396661}.Debug|Any CPU.ActiveCfg = Debug|Win32
		{9E7B142F-39EB-40DD-8FB7-28CB1A396661}.Debug|ARM.ActiveCfg = Debug|ARM
		{9E7B142F-39EB-40DD-8FB7-28CB1A396661}.Debug|ARM.Build.0 = Debug|ARM
		{9E7B142F-39EB-40DD-8FB7-28CB1A396661}.Debug|ARM64.ActiveCfg = Debug|ARM64
		{9E7B142F-39EB-40DD-8FB7-28CB1A396661}.Debug|ARM64.Build.0 = Debug|ARM64
		{9E7B142F-39EB-40DD-8FB7-28CB1A396661}.Debug|x64.ActiveCfg = Debug|x64
		{9E7B142F-39EB-40DD-8FB7-28CB1A396661}.Debug|x64.Build.0 = Debug|x64
		{9E7B142F-39EB-40DD-8FB7-28CB1A396661}.Debug|x86.ActiveCfg = Debug|Win32
		{9E7B142F-39EB-40DD-8FB7-28CB1A396661}.Debug|x86.Build.0 = Debug|Win32
		{9E7B142F-39EB-40DD-8FB7-28CB1A396661}.Release|Any CPU.ActiveCfg = Release|Win32
		{9E7B142F-39EB-40DD-8FB7-28CB1A396661}.Release|ARM.ActiveCfg = Release|ARM
		{9E7B142F-39EB-40DD-8FB7-28CB1A396661}.Release|ARM.Build.0 = Release|ARM
		{9E7B142F-39EB-40DD-8FB7-28CB1A396661}.Release|ARM64.ActiveCfg = Release|ARM64
		{9E7B142F-39EB-40DD-8FB7-28CB1A396661}.Release|ARM64.Build.0 = Release|ARM64
		{9E7B142F-39EB-40DD-8FB7-28CB1A396661}.Release|x64.ActiveCfg = Release|x64
		{9E7B142F-39EB-40DD-8FB7-28CB1A396661}.Release|x64.Build.0 = Release|x64
		{9E7B142F-39EB-40DD-8FB7-28CB1A396661}.Release|x86.ActiveCfg = Release|Win32
		{9E7B142F-39EB-40DD-8FB7-28CB1A396661}.Release|x86.Build.0 = Release|Win32
		{E4181500-DA02-492D-9018-CB83CF355786}.Debug|Any CPU.ActiveCfg = Debug|Win32
		{E4181500-DA02-492D-9018-CB83CF355786}.Debug|ARM.ActiveCfg = Debug|ARM
		{E4181500-DA02-492D-9018-CB83CF355786}.Debug|ARM.Build.0 = Debug|ARM
		{E4181500-DA02-492D-9018-CB83CF355786}.Debug|ARM64.ActiveCfg = Debug|ARM
		{E4181500-DA02-492D-9018-CB83CF355786}.Debug|x64.ActiveCfg = Debug|x64
		{E4181500-DA02-492D-9018-CB83CF355786}.Debug|x64.Build.0 = Debug|x64
		{E4181500-DA02-492D-9018-CB83CF355786}.Debug|x86.ActiveCfg = Debug|Win32
		{E4181500-DA02-492D-9018-CB83CF355786}.Debug|x86.Build.0 = Debug|Win32
		{E4181500-DA02-492D-9018-CB83CF355786}.Release|Any CPU.ActiveCfg = Release|Win32
		{E4181500-DA02-492D-9018-CB83CF355786}.Release|ARM.ActiveCfg = Release|ARM
		{E4181500-DA02-492D-9018-CB83CF355786}.Release|ARM.Build.0 = Release|ARM
		{E4181500-DA02-492D-9018-CB83CF355786}.Release|ARM64.ActiveCfg = Release|ARM
		{E4181500-DA02-492D-9018-CB83CF355786}.Release|x64.ActiveCfg = Release|x64
		{E4181500-DA02-492D-9018-CB83CF355786}.Release|x64.Build.0 = Release|x64
		{E4181500-DA02-492D-9018-CB83CF355786}.Release|x86.ActiveCfg = Release|Win32
		{E4181500-DA02-492D-9018-CB83CF355786}.Release|x86.Build.0 = Release|Win32
		{D49B7ED9-BC82-4F4E-8A51-02FEABDC426B}.Debug|Any CPU.ActiveCfg = Debug|Any CPU
		{D49B7ED9-BC82-4F4E-8A51-02FEABDC426B}.Debug|Any CPU.Build.0 = Debug|Any CPU
		{D49B7ED9-BC82-4F4E-8A51-02FEABDC426B}.Debug|ARM.ActiveCfg = Debug|ARM
		{D49B7ED9-BC82-4F4E-8A51-02FEABDC426B}.Debug|ARM.Build.0 = Debug|ARM
		{D49B7ED9-BC82-4F4E-8A51-02FEABDC426B}.Debug|ARM64.ActiveCfg = Debug|ARM64
		{D49B7ED9-BC82-4F4E-8A51-02FEABDC426B}.Debug|ARM64.Build.0 = Debug|ARM64
		{D49B7ED9-BC82-4F4E-8A51-02FEABDC426B}.Debug|x64.ActiveCfg = Debug|x64
		{D49B7ED9-BC82-4F4E-8A51-02FEABDC426B}.Debug|x64.Build.0 = Debug|x64
		{D49B7ED9-BC82-4F4E-8A51-02FEABDC426B}.Debug|x86.ActiveCfg = Debug|x86
		{D49B7ED9-BC82-4F4E-8A51-02FEABDC426B}.Debug|x86.Build.0 = Debug|x86
		{D49B7ED9-BC82-4F4E-8A51-02FEABDC426B}.Release|Any CPU.ActiveCfg = Release|Any CPU
		{D49B7ED9-BC82-4F4E-8A51-02FEABDC426B}.Release|Any CPU.Build.0 = Release|Any CPU
		{D49B7ED9-BC82-4F4E-8A51-02FEABDC426B}.Release|ARM.ActiveCfg = Release|ARM
		{D49B7ED9-BC82-4F4E-8A51-02FEABDC426B}.Release|ARM.Build.0 = Release|ARM
		{D49B7ED9-BC82-4F4E-8A51-02FEABDC426B}.Release|ARM64.ActiveCfg = Release|ARM64
		{D49B7ED9-BC82-4F4E-8A51-02FEABDC426B}.Release|ARM64.Build.0 = Release|ARM64
		{D49B7ED9-BC82-4F4E-8A51-02FEABDC426B}.Release|x64.ActiveCfg = Release|x64
		{D49B7ED9-BC82-4F4E-8A51-02FEABDC426B}.Release|x64.Build.0 = Release|x64
		{D49B7ED9-BC82-4F4E-8A51-02FEABDC426B}.Release|x86.ActiveCfg = Release|x86
		{D49B7ED9-BC82-4F4E-8A51-02FEABDC426B}.Release|x86.Build.0 = Release|x86
		{7D371F35-508B-448D-9519-44BE756284C0}.Debug|Any CPU.ActiveCfg = Debug|Any CPU
		{7D371F35-508B-448D-9519-44BE756284C0}.Debug|Any CPU.Build.0 = Debug|Any CPU
		{7D371F35-508B-448D-9519-44BE756284C0}.Debug|ARM.ActiveCfg = Debug|ARM
		{7D371F35-508B-448D-9519-44BE756284C0}.Debug|ARM.Build.0 = Debug|ARM
		{7D371F35-508B-448D-9519-44BE756284C0}.Debug|ARM64.ActiveCfg = Debug|ARM64
		{7D371F35-508B-448D-9519-44BE756284C0}.Debug|ARM64.Build.0 = Debug|ARM64
		{7D371F35-508B-448D-9519-44BE756284C0}.Debug|x64.ActiveCfg = Debug|x64
		{7D371F35-508B-448D-9519-44BE756284C0}.Debug|x64.Build.0 = Debug|x64
		{7D371F35-508B-448D-9519-44BE756284C0}.Debug|x86.ActiveCfg = Debug|x86
		{7D371F35-508B-448D-9519-44BE756284C0}.Debug|x86.Build.0 = Debug|x86
		{7D371F35-508B-448D-9519-44BE756284C0}.Release|Any CPU.ActiveCfg = Release|Any CPU
		{7D371F35-508B-448D-9519-44BE756284C0}.Release|Any CPU.Build.0 = Release|Any CPU
		{7D371F35-508B-448D-9519-44BE756284C0}.Release|ARM.ActiveCfg = Release|ARM
		{7D371F35-508B-448D-9519-44BE756284C0}.Release|ARM.Build.0 = Release|ARM
		{7D371F35-508B-448D-9519-44BE756284C0}.Release|ARM64.ActiveCfg = Release|ARM64
		{7D371F35-508B-448D-9519-44BE756284C0}.Release|ARM64.Build.0 = Release|ARM64
		{7D371F35-508B-448D-9519-44BE756284C0}.Release|x64.ActiveCfg = Release|x64
		{7D371F35-508B-448D-9519-44BE756284C0}.Release|x64.Build.0 = Release|x64
		{7D371F35-508B-448D-9519-44BE756284C0}.Release|x86.ActiveCfg = Release|x86
		{7D371F35-508B-448D-9519-44BE756284C0}.Release|x86.Build.0 = Release|x86
		{669DFDEA-C551-4FC9-BB8C-E8CE2DAA04A5}.Debug|Any CPU.ActiveCfg = Debug|x86
		{669DFDEA-C551-4FC9-BB8C-E8CE2DAA04A5}.Debug|ARM.ActiveCfg = Debug|ARM
		{669DFDEA-C551-4FC9-BB8C-E8CE2DAA04A5}.Debug|ARM.Build.0 = Debug|ARM
		{669DFDEA-C551-4FC9-BB8C-E8CE2DAA04A5}.Debug|ARM.Deploy.0 = Debug|ARM
		{669DFDEA-C551-4FC9-BB8C-E8CE2DAA04A5}.Debug|ARM64.ActiveCfg = Debug|x86
		{669DFDEA-C551-4FC9-BB8C-E8CE2DAA04A5}.Debug|x64.ActiveCfg = Debug|x64
		{669DFDEA-C551-4FC9-BB8C-E8CE2DAA04A5}.Debug|x64.Build.0 = Debug|x64
		{669DFDEA-C551-4FC9-BB8C-E8CE2DAA04A5}.Debug|x64.Deploy.0 = Debug|x64
		{669DFDEA-C551-4FC9-BB8C-E8CE2DAA04A5}.Debug|x86.ActiveCfg = Debug|x86
		{669DFDEA-C551-4FC9-BB8C-E8CE2DAA04A5}.Debug|x86.Build.0 = Debug|x86
		{669DFDEA-C551-4FC9-BB8C-E8CE2DAA04A5}.Debug|x86.Deploy.0 = Debug|x86
		{669DFDEA-C551-4FC9-BB8C-E8CE2DAA04A5}.Release|Any CPU.ActiveCfg = Release|x86
		{669DFDEA-C551-4FC9-BB8C-E8CE2DAA04A5}.Release|ARM.ActiveCfg = Release|ARM
		{669DFDEA-C551-4FC9-BB8C-E8CE2DAA04A5}.Release|ARM.Build.0 = Release|ARM
		{669DFDEA-C551-4FC9-BB8C-E8CE2DAA04A5}.Release|ARM.Deploy.0 = Release|ARM
		{669DFDEA-C551-4FC9-BB8C-E8CE2DAA04A5}.Release|ARM64.ActiveCfg = Release|x86
		{669DFDEA-C551-4FC9-BB8C-E8CE2DAA04A5}.Release|x64.ActiveCfg = Release|x64
		{669DFDEA-C551-4FC9-BB8C-E8CE2DAA04A5}.Release|x64.Build.0 = Release|x64
		{669DFDEA-C551-4FC9-BB8C-E8CE2DAA04A5}.Release|x64.Deploy.0 = Release|x64
		{669DFDEA-C551-4FC9-BB8C-E8CE2DAA04A5}.Release|x86.ActiveCfg = Release|x86
		{669DFDEA-C551-4FC9-BB8C-E8CE2DAA04A5}.Release|x86.Build.0 = Release|x86
		{669DFDEA-C551-4FC9-BB8C-E8CE2DAA04A5}.Release|x86.Deploy.0 = Release|x86
	EndGlobalSection
	GlobalSection(SolutionProperties) = preSolution
		HideSolutionNode = FALSE
	EndGlobalSection
	GlobalSection(ExtensibilityGlobals) = postSolution
		SolutionGuid = {E7E718B8-A99C-4742-99B9-B17AB6F48590}
	EndGlobalSection
EndGlobal
